{
    "_meta": {
        "hash": {
            "sha256": "086337f6745ab5e82cd8b41bbcdbef1db774806a7dd31a3cb9d8f6e749c50fac"
        },
        "pipfile-spec": 6,
        "requires": {
            "python_version": "3.11"
        },
        "sources": [
            {
                "name": "pypi",
                "url": "https://pypi.org/simple",
                "verify_ssl": true
            }
        ]
    },
    "default": {
        "biopython": {
            "hashes": [
                "sha256:11d673698b3d0d6589292ea951fb62cb24ea27d273eca0d08dbbd956690f97f5",
                "sha256:2cf38112b6d8415ad39d6a611988cd11fb5f33eb09346666a87263beba9614e0",
                "sha256:2f9cfaf16d55ab80d514e7aebe5710dabe4e4ff47ede851031202e33b3249da3",
                "sha256:35506e39822c52d11cf09a3951e82375ca1bb9303960b4286acf02c9a6f6c4cc",
                "sha256:3b36ba1bf6395c09a365c53530c9d71f3617763fa2c1d452b3d8948368c0f1de",
                "sha256:655df416936662c0c8a06a549cb25e1560e1fea5067d850f34fb714b8a3fae6c",
                "sha256:65b93b513ce9dd7b2ce058720eadf42cd03f312db3409356efeb93123d1320aa",
                "sha256:6ebfbce0d91796c7aef422ee9dffe8827e07e5abaa94545e006f1f20e965c80b",
                "sha256:762c6c43a8486b5fcd07f136a3217b87d24755618b9ea9da1f17124ff44c2ad6",
                "sha256:793c42a376cd63f62f8a088ce39b7dc6b5c55e4e9031d887c434de1595bfa4b8",
                "sha256:7a168709694e10b338718c18d967edd5b56c237dc88642c22275796007a70000",
                "sha256:7c5c07123ff5f44c9e6b5369df854a38afd3c0c50ef58498a0ae8f7eb799f3e8",
                "sha256:811796f8d222aa3869a50e31e54ce62b69106b47cd8bb06934867c0d843297b5",
                "sha256:8bb0c690c7368f255ed45236bf0f5464b476b8c083c8f634533921af78278261",
                "sha256:919a2c583cabf9c96d2ae4e1245a6b0376932fb342aca302a0fc198b71ab3275",
                "sha256:97cbdbed01b2512471f36c74b91658d1dfbdcbf39bc038f6ce5a41c3e60a8fc6",
                "sha256:9ba33244f0eff830beaa7240065bdb5095d96fded6599b76bbb9ddab45cd2bbd",
                "sha256:a51d9c1d1b4b634447535da74a644fae59bc234fbbf9001e2dc6b6fbabb98019",
                "sha256:b09efcb4733c8770f25eab5fe555a96a08f5ab9e1bc36939e08ebf2ffbf3e0f1",
                "sha256:b37c0d24191e5c96ca02415a5188551980c83a0d518bbc4ffe3c9a5d1fe0ee81",
                "sha256:ccd729249fd5f586dd4c2a3507c2ea2456825d7e615e97c07c409c850eaf4594",
                "sha256:e41b55edcfd448630e77bf4de66a7235324a8a149621499891da6bd1d5085b9a",
                "sha256:ee51bb1cd7decffd24da6b76d5e01b7e2fd818ab85cf0c180226cbb5793a3abd",
                "sha256:ef7c79b65b0b3f3c7dc59e20a7f8ae5758d8e852cb8b9cace590dc5617e348ba"
            ],
            "index": "pypi",
            "markers": "python_version >= '3.7'",
            "version": "==1.81"
        },
        "cython": {
            "hashes": [
                "sha256:011c4e0b75baee1843334562487eb4fbc0c59ddb2cc32a978b972a81eedcbdcc",
                "sha256:05cb2a73810f045d328b7579cf98f550a9e601df5e282d1fea0512d8ad589011",
                "sha256:067b2b9eb487bd61367b296f11b7c1c70a084b3eb7d5a572f607cd1fc5ca5586",
                "sha256:08d67c7225a09eeb77e090c8d4f60677165b052ccf76e3a57d8237064e5c2de2",
                "sha256:10cbfb37f31938371a6213cc8b5459c639954aed053efeded3c012d4c5915db9",
                "sha256:147cc1d3dda8b06de9d86df5e59cdf15f0a522620168b7349a5ec88b48104d7d",
                "sha256:1b12a8f23270675b537d1c3b988f845bea4bbcc66ae0468857f5ede0526d4522",
                "sha256:213ff9f95de319e54b520bf31edd6aa7a1fa4fbf617c2beb0f92362595e6476a",
                "sha256:22ba78e48bdb65977928ecb275ac8c82df7b0eefa075078a1363a5af4606b42e",
                "sha256:2f84bd6cefa5130750c492038170c44f1cbd6f42e9ed85e168fd9cb453f85160",
                "sha256:302281b927409b3e0ef8cd9251eab782cf1acd2578eab305519fbae5d184b7e9",
                "sha256:34f7b014ebce5d325c8084e396c81cdafbd8d82be56780dffe6b67b28c891f1b",
                "sha256:38085523fa7a299638d051ae08144222785639882f6291bd275c0b12db1034ff",
                "sha256:477cd3549597f09a1608da7b05e16ba641e9aedd171b868533a5a07790ed886f",
                "sha256:4bebbca13078125a35937966137af4bd0300a0c66fd7ae4ce36adc049b13bdf3",
                "sha256:4db017b104f47b1185237702f6ed2651839c8124614683efa7c489f3fa4e19d9",
                "sha256:4dca13c86d6cd523c7d8bbf8db1b2bbf8faedd0addedb229158d8015ad1819e1",
                "sha256:4fe806d154b6b7f0ab746dac36c022889e2e7cf47546ff9afdc29a62cfa692d0",
                "sha256:54d41a1dfbaab74449873e7f8e6cd4239850fe7a50f7f784dd99a560927f3bac",
                "sha256:550b3fbe9b3c555b44ded934f4822f9fcc04dfcee512167ebcbbd370ccede20e",
                "sha256:5682293d344b7dbad97ce6eceb9e887aca6e53499709db9da726ca3424e5559d",
                "sha256:62dd78afdf748a58dae9c9b9c42a1519ae30787b28ce5f84a0e1bb54144142ca",
                "sha256:6b75e9c9d7ad7c9dd85d45241d1d4e3c5f66079c1f84eec91689c26d98bc3349",
                "sha256:75a2395cc7b78cff59be6e9b7f92bbb5d7b8d25203f6d3fb6f72bdb7d3f49777",
                "sha256:77ec0134fc1b10aebef2013936a91c07bff2498ec283bc2eca099ee0cb94d12e",
                "sha256:786b6034a91e886116bb562fe42f8bf0f97c3e00c02e56791d02675959ed65b1",
                "sha256:78e2853d484643c6b7ac3bdb48392753442da1c71b689468fa3176b619bebe54",
                "sha256:7e08ff5da5f5b969639784b1bffcd880a0c0f048d182aed7cba9945ee8b367c2",
                "sha256:7f43c4d3ecd9e3b8b7afe834e519f55cf4249b1088f96d11b96f02c55cbaeff7",
                "sha256:809617cf4825b2138ce0ec827e1f28e39668743c81ac8286373f8d148c05f088",
                "sha256:832bbee87bca760efeae248ddf19ccd77f9a2355cb6f8a64f20cc377e56957b3",
                "sha256:8850269ff59f77a1629e26d0576701925360d732011d6d3516ccdc5b2c2bc310",
                "sha256:8948504338d7a140ce588333177dcabf0743a68dbc83b0174f214f5b959634d5",
                "sha256:8ccb91d2254e34724f1541b2a6fcdfacdb88284185b0097ae84e0ddf476c7a38",
                "sha256:8f1c9e4b8e413da211dd7942440cf410ff0eafb081309e04e81f4fafbb146bf2",
                "sha256:9594818dca8bb22ae6580c5222da2bc5cc32334350bd2d294a00d8669bcc61b5",
                "sha256:989787fc24a95100a26918b6577d06e15a8868a3ed267009c5cfcf1a906179ac",
                "sha256:9e625eec8c5c9a8cb062a318b257cc469d301bed952c7daf86e38bbd3afe7c91",
                "sha256:a1c3675394b81024aaf56e4f53c2b4f81d9a116c7049e9d4706f810899c9134e",
                "sha256:a49dde9f9e29ea82f29aaf3bb1a270b6eb90b75d627c7ff2f5dd3764540ae646",
                "sha256:a51efba0e136b2af358e5a347bae09678b17460c35cf1eab24f0476820348991",
                "sha256:ae453cfa933b919c0a19d2cc5dc9fb28486268e95dc2ab7a11ab7f99cf8c3883",
                "sha256:b032cb0c69082f0665b2c5fb416d041157062f1538336d0edf823b9ee500e39c",
                "sha256:b1f023d36a3829069ed11017c670128be3f135a9c17bd64c35d3b3442243b05c",
                "sha256:bc1c8013fad0933f5201186eccc5f2be223cafd6a8dcd586d3f7bb6ba84dc845",
                "sha256:c298b1589205ecaaed0457ad05e0c8a43e7db2053607f48ed4a899cb6aa114df",
                "sha256:c5e722732e9aa9bde667ed6d87525234823eb7766ca234cfb19d7e0c095a2ef4",
                "sha256:c90eeb94395315e65fd758a2f86b92904fce7b50060b4d45a878ef6767f9276e",
                "sha256:cc9d173ab8b167cae674f6deed8c65ba816574797a2bd6d8aa623277d1fa81ca",
                "sha256:d0d0cc4ecc05f41c5e02af14ac0083552d22efed976f79eb7bade55fed63b25d",
                "sha256:d21801981db44b7e9f9768f121317946461d56b51de1e6eff3c42e8914048696",
                "sha256:d5e5587128e8c2423aefcffa4ded4ddf60d44898938fbb7c0f236636a750a94f",
                "sha256:dab6a923e21e212aa3dc6dde9b22a190f5d7c449315a94e57ddc019ea74a979b",
                "sha256:dd30826ca8b27b2955a63c8ffe8aacc9f0779582b4bd154cf7b441ac10dae2cb",
                "sha256:e486331a29e7700b1ad5f4f753bef483c81412a5e64a873df46d6cb66f9a65de",
                "sha256:e663c237579c033deaa2cb362b74651da7712f56e441c11382510a8c4c4f2dd7",
                "sha256:e825e682cef76d0c33384f38b56b7e87c76152482a914dfc78faed6ff66ce05a",
                "sha256:f37e4287f520f3748a06ad5eaae09ba4ac68f52e155d70de5f75780d83575c43"
            ],
            "markers": "python_version >= '2.7' and python_version not in '3.0, 3.1, 3.2, 3.3'",
            "version": "==3.0.2"
        },
        "markdown-it-py": {
            "hashes": [
                "sha256:355216845c60bd96232cd8d8c40e8f9765cc86f46880e43a8fd22dc1a1a8cab1",
                "sha256:e3f60a94fa066dc52ec76661e37c851cb232d92f9886b15cb560aaada2df8feb"
            ],
            "markers": "python_version >= '3.8'",
            "version": "==3.0.0"
        },
        "mdurl": {
            "hashes": [
                "sha256:84008a41e51615a49fc9966191ff91509e3c40b939176e643fd50a5c2196b8f8",
                "sha256:bb413d29f5eea38f31dd4754dd7377d4465116fb207585f97bf925588687c1ba"
            ],
            "markers": "python_version >= '3.7'",
            "version": "==0.1.2"
        },
        "numpy": {
            "hashes": [
                "sha256:020cdbee66ed46b671429c7265cf00d8ac91c046901c55684954c3958525dab2",
                "sha256:0621f7daf973d34d18b4e4bafb210bbaf1ef5e0100b5fa750bd9cde84c7ac292",
                "sha256:0792824ce2f7ea0c82ed2e4fecc29bb86bee0567a080dacaf2e0a01fe7654369",
                "sha256:09aaee96c2cbdea95de76ecb8a586cb687d281c881f5f17bfc0fb7f5890f6b91",
                "sha256:166b36197e9debc4e384e9c652ba60c0bacc216d0fc89e78f973a9760b503388",
                "sha256:186ba67fad3c60dbe8a3abff3b67a91351100f2661c8e2a80364ae6279720299",
                "sha256:306545e234503a24fe9ae95ebf84d25cba1fdc27db971aa2d9f1ab6bba19a9dd",
                "sha256:436c8e9a4bdeeee84e3e59614d38c3dbd3235838a877af8c211cfcac8a80b8d3",
                "sha256:4a873a8180479bc829313e8d9798d5234dfacfc2e8a7ac188418189bb8eafbd2",
                "sha256:4acc65dd65da28060e206c8f27a573455ed724e6179941edb19f97e58161bb69",
                "sha256:51be5f8c349fdd1a5568e72713a21f518e7d6707bcf8503b528b88d33b57dc68",
                "sha256:546b7dd7e22f3c6861463bebb000646fa730e55df5ee4a0224408b5694cc6148",
                "sha256:5671338034b820c8d58c81ad1dafc0ed5a00771a82fccc71d6438df00302094b",
                "sha256:637c58b468a69869258b8ae26f4a4c6ff8abffd4a8334c830ffb63e0feefe99a",
                "sha256:767254ad364991ccfc4d81b8152912e53e103ec192d1bb4ea6b1f5a7117040be",
                "sha256:7d484292eaeb3e84a51432a94f53578689ffdea3f90e10c8b203a99be5af57d8",
                "sha256:7f6bad22a791226d0a5c7c27a80a20e11cfe09ad5ef9084d4d3fc4a299cca505",
                "sha256:86f737708b366c36b76e953c46ba5827d8c27b7a8c9d0f471810728e5a2fe57c",
                "sha256:8c6adc33561bd1d46f81131d5352348350fc23df4d742bb246cdfca606ea1208",
                "sha256:914b28d3215e0c721dc75db3ad6d62f51f630cb0c277e6b3bcb39519bed10bd8",
                "sha256:b44e6a09afc12952a7d2a58ca0a2429ee0d49a4f89d83a0a11052da696440e49",
                "sha256:bb0d9a1aaf5f1cb7967320e80690a1d7ff69f1d47ebc5a9bea013e3a21faec95",
                "sha256:c0b45c8b65b79337dee5134d038346d30e109e9e2e9d43464a2970e5c0e93229",
                "sha256:c2e698cb0c6dda9372ea98a0344245ee65bdc1c9dd939cceed6bb91256837896",
                "sha256:c78a22e95182fb2e7874712433eaa610478a3caf86f28c621708d35fa4fd6e7f",
                "sha256:e062aa24638bb5018b7841977c360d2f5917268d125c833a686b7cbabbec496c",
                "sha256:e5e18e5b14a7560d8acf1c596688f4dfd19b4f2945b245a71e5af4ddb7422feb",
                "sha256:eae430ecf5794cb7ae7fa3808740b015aa80747e5266153128ef055975a72b99",
                "sha256:ee84ca3c58fe48b8ddafdeb1db87388dce2c3c3f701bf447b05e4cfcc3679112",
                "sha256:f042f66d0b4ae6d48e70e28d487376204d3cbf43b84c03bac57e28dac6151581",
                "sha256:f8db2f125746e44dce707dd44d4f4efeea8d7e2b43aace3f8d1f235cfa2733dd",
                "sha256:f93fc78fe8bf15afe2b8d6b6499f1c73953169fad1e9a8dd086cdff3190e7fdf"
            ],
            "markers": "python_version < '3.13' and python_version >= '3.9'",
            "version": "==1.26.0"
        },
        "pandas": {
            "hashes": [
                "sha256:02304e11582c5d090e5a52aec726f31fe3f42895d6bfc1f28738f9b64b6f0614",
                "sha256:0489b0e6aa3d907e909aef92975edae89b1ee1654db5eafb9be633b0124abe97",
                "sha256:05674536bd477af36aa2effd4ec8f71b92234ce0cc174de34fd21e2ee99adbc2",
                "sha256:25e8474a8eb258e391e30c288eecec565bfed3e026f312b0cbd709a63906b6f8",
                "sha256:29deb61de5a8a93bdd033df328441a79fcf8dd3c12d5ed0b41a395eef9cd76f0",
                "sha256:366da7b0e540d1b908886d4feb3d951f2f1e572e655c1160f5fde28ad4abb750",
                "sha256:3bcad1e6fb34b727b016775bea407311f7721db87e5b409e6542f4546a4951ea",
                "sha256:4c3f32fd7c4dccd035f71734df39231ac1a6ff95e8bdab8d891167197b7018d2",
                "sha256:4cdb0fab0400c2cb46dafcf1a0fe084c8bb2480a1fa8d81e19d15e12e6d4ded2",
                "sha256:4f99bebf19b7e03cf80a4e770a3e65eee9dd4e2679039f542d7c1ace7b7b1daa",
                "sha256:58d997dbee0d4b64f3cb881a24f918b5f25dd64ddf31f467bb9b67ae4c63a1e4",
                "sha256:75ce97667d06d69396d72be074f0556698c7f662029322027c226fd7a26965cb",
                "sha256:84e7e910096416adec68075dc87b986ff202920fb8704e6d9c8c9897fe7332d6",
                "sha256:9e2959720b70e106bb1d8b6eadd8ecd7c8e99ccdbe03ee03260877184bb2877d",
                "sha256:9e50e72b667415a816ac27dfcfe686dc5a0b02202e06196b943d54c4f9c7693e",
                "sha256:a0dbfea0dd3901ad4ce2306575c54348d98499c95be01b8d885a2737fe4d7a98",
                "sha256:b407381258a667df49d58a1b637be33e514b07f9285feb27769cedb3ab3d0b3a",
                "sha256:b8bd1685556f3374520466998929bade3076aeae77c3e67ada5ed2b90b4de7f0",
                "sha256:c1f84c144dee086fe4f04a472b5cd51e680f061adf75c1ae4fc3a9275560f8f4",
                "sha256:c747793c4e9dcece7bb20156179529898abf505fe32cb40c4052107a3c620b49",
                "sha256:cc1ab6a25da197f03ebe6d8fa17273126120874386b4ac11c1d687df288542dd",
                "sha256:dc3657869c7902810f32bd072f0740487f9e030c1a3ab03e0af093db35a9d14e",
                "sha256:f5ec7740f9ccb90aec64edd71434711f58ee0ea7f5ed4ac48be11cfa9abf7317",
                "sha256:fecb198dc389429be557cde50a2d46da8434a17fe37d7d41ff102e3987fd947b",
                "sha256:ffa8f0966de2c22de408d0e322db2faed6f6e74265aa0856f3824813cf124363"
            ],
            "index": "pypi",
            "markers": "python_version >= '3.9'",
            "version": "==2.1.1"
        },
        "pygments": {
            "hashes": [
                "sha256:13fc09fa63bc8d8671a6d247e1eb303c4b343eaee81d861f3404db2935653692",
                "sha256:1daff0494820c69bc8941e407aa20f577374ee88364ee10a98fdbe0aece96e29"
            ],
            "markers": "python_version >= '3.7'",
            "version": "==2.16.1"
        },
        "pysam": {
            "hashes": [
                "sha256:2087be3b6e754aed3a9178b9f9dd8dc4688c16df8197cdca5a3145098732f786",
                "sha256:246ce42bf6321516ee8e26763907eaa5aa36a959af6927efba0d0f97127618e9",
                "sha256:3501296b6e8af6092f8b3c01b271d7c3e03b37b81ed5462d3c8041b00f8fa73a",
                "sha256:36d78fad182f3230ca8618ea1f4de4c4ed9b4437bc54aa9462d8f5e22f074c22",
                "sha256:37e0ed17c05f7cb3b141c2c78ad23b3592479e8adc47453ae5681c6ffd0d5e00",
                "sha256:4daa4a9927c6c3bf6da6aa8ffce3242b989fe995733c790913dc2c586bc67d4a",
                "sha256:5c9645ddd87668e36ff0a1966391e26f9c403bf85b1bc06c53fe2fcd592da2ce",
                "sha256:6260ff6a0965d33141af753f0b81495d4579299ea906ce3a3f172294fc6454d7",
                "sha256:6d9f453048aefb3908b9cd40edb15d3140f8dea15c24ed0df11796a4367e9718",
                "sha256:7012207f6afc181a7009c70f5ab6969ac46c06090df63e798ead9efe433098a5",
                "sha256:7a4f7c34b66379b8565e4d4105a8f8b68f9b308c25adebfd357af8671d909ff5",
                "sha256:7eba09d7f711f2d3759924178950ec4c38585bce7f0c18e90cb3133bc411808e",
                "sha256:962136c9b2d456a4c7e7bad1cd1b680ed27334dbd6ee28a6381dfc698d84951d",
                "sha256:cff4afedb902def2fb464e7023c0a95fcecbc3f9a1437b31b29cd805735014e5",
                "sha256:d6babe094fa79af483fe935fe1ea2ebc8e956bbe79dfb9b0a5ce4b2240d00389",
                "sha256:d7555782b2de082551e008fae1236dbe10365df0551776b4ec203953f6bda381",
                "sha256:eb283c0de1d197737b53f70d3ea04a2f42c66134803862c43669b9cbef6e45c0",
                "sha256:ed21d9138e927eaed24e05295a9ec4619f97fbfd4db2d488cc969a4bc15a3db5",
                "sha256:f58c86d76cf4e87b879a9aa8f860426a074a2d9f55d3a0078f5cf00e2b32f34c",
                "sha256:f773e1b02ec47b665ad1e4813ea34a4eb1a17d137200f313ad00525aef08a94e",
                "sha256:feaa464620ae221fb4878ef1b4f5370c319291522cf52ef497e8beba64c269a0"
            ],
            "index": "pypi",
            "markers": "python_version >= '3.6'",
            "version": "==0.21.0"
        },
        "python-dateutil": {
            "hashes": [
                "sha256:0123cacc1627ae19ddf3c27a5de5bd67ee4586fbdd6440d9748f8abb483d3e86",
                "sha256:961d03dc3453ebbc59dbdea9e4e11c5651520a876d0f4db161e8674aae935da9"
            ],
            "markers": "python_version >= '2.7' and python_version not in '3.0, 3.1, 3.2, 3.3'",
            "version": "==2.8.2"
        },
        "pytz": {
            "hashes": [
                "sha256:7b4fddbeb94a1eba4b557da24f19fdf9db575192544270a9101d8509f9f43d7b",
                "sha256:ce42d816b81b68506614c11e8937d3aa9e41007ceb50bfdcb0749b921bf646c7"
            ],
            "version": "==2023.3.post1"
        },
        "pyzstd": {
            "hashes": [
                "sha256:00c188704141c709da96cc4a79f058d51f5318e839d6f904c7cc9badcf78e98e",
                "sha256:013321ddaff083b24e43a8b06303446771978343b488ed73adf56c70a46e2783",
                "sha256:0a4334e972109bdd17fb40dbdd9fcca6137648cab416fca505a2dcd186f50533",
                "sha256:12668ceb8329aaa908b4d907d3a77bb748ff28b309c3b105c995a8715d535d2b",
                "sha256:14121a4d95070f54bdc9a80dab1dd8fd9093907a1e687926447ca69b5b40a4d5",
                "sha256:1b9cda5314982d64c856f9298be0d9bf69fbff0ca514d1651037616354b473ff",
                "sha256:1cbf212253abd65e6451acdfb608adafe98ad8f05462fb9a054ddab816545caa",
                "sha256:1dbe76b6d8fe75f6dbec24793fc07b1d1ae9464de9941138d5b9668f7670e6b0",
                "sha256:209a92fbe892bd69cde58ffcb4861468e2c3c2d0626763e16e122bb55cb1fb1a",
                "sha256:20f2dd56d46441cd9277077060c34c0b9ce3469412665ea5ccd506dd2708d994",
                "sha256:23695dabdfd5081beab25754dc0105b42fbd2085a7c293901bcb45045969c5ec",
                "sha256:250dad90140a6faea4cef555f339b6ceaad5cf03ed1127b8d06de214ff0db2e7",
                "sha256:289e25871fe232d2482c0985a75a1faa7c92e10a6c3e3914d165f62d005d0aa6",
                "sha256:2919afd114fd12309ed2f831ef6e95730ebf13c2a92d258ad055769d00ef4d7a",
                "sha256:29e452caaf0de9cc17319225921d8c28cdc7a879948e990ff1e7735e7f976517",
                "sha256:305c232462dbe80d0ee5ec91b1b0ec9153ec6ba6393d5348741af5d30b07ef52",
                "sha256:31f60f01884350aec24e7a68f3ad089151b7a636490203c41a1a7c8e0cddd9b8",
                "sha256:3351ad2feb51dcbb936defd47cab00d6f114214f224636503ed08298f30164c9",
                "sha256:346f835e368e1051f8ea187ad9b49759cf6249c9ebf2f2a3861e435a568104b8",
                "sha256:370b34a7c2f9c53cee494028daa5a7264690e1756a89c3855fd0be5ad298ec30",
                "sha256:3a26df749589d898cd3253d2139eb85b867ddffc49286059c8bdb3cb9ce9b545",
                "sha256:3bc0e7e2cccf78e562ab416daf68448b6552a5b6450a1ff3e15cabfc19254883",
                "sha256:3f0fe2ef7ebc6e9b347585e414c4fefd32270ba8bdf9eb82496f3030cbdca465",
                "sha256:3f72f310b10b730cddfb654006ae497e7706c81e6a7642d3da7fd2439df7d88d",
                "sha256:40bdb468281a5cd525e2e990b97344f0974e0589bd1b395501c25471fcd7edda",
                "sha256:4358dd80b315c82d760b44c6df7857c9c898d04e7b0c14abb0eb3692354e9379",
                "sha256:441078bfd3b508597415338af667c3575980364f1286eedde58291558b9c2832",
                "sha256:47c2a4c319300c381f194274203f47b12c433e1fd86b90ecdc7fb258c630f93b",
                "sha256:49c57ae18f138a4b66480b2364fe6a0f2345ada919e93fc729c95c6b17ec73a4",
                "sha256:4a0dcb32ac4d1d67a77ae6a2d60ea0921af7e682b3427202d8acb8e86642391c",
                "sha256:4ed01beb31d5177456ec2c4b66591a0df83dbc72df29f05f40502bfefe47bbe4",
                "sha256:50ccbaafee80b4f1c5c55bbe07f80871b9b8fe3499bf7357dde2c23fb1c2ac0e",
                "sha256:51607d7d44f94a364ef0e3ccf9a92390def0faf6e7572eef082f15c657b5d03a",
                "sha256:5345c7a697327e2fa7c37534bb2968ea84595d8ec7fc8c4a60216ec1be6e65bd",
                "sha256:542808d88464d538f5d2c6b48b545a7fe15f0d20c7fa703b469d039a08c9fa10",
                "sha256:5819d502dacd54114c30bc24efcb76e723b93f8f528be70851056a396a792c46",
                "sha256:5aed5fc86d0bfc5f16e871cbb35ec93df61476d7fde4c1c6081015a075ecfbc1",
                "sha256:5d9ec8634ab0cbfbcff535ac07555ebdae0282ad66762f0471fad11c16181e33",
                "sha256:5fb00c706d0b59c53124f982bd84b7d46866a8ea2a7670aaaa1ab4dbe6001b50",
                "sha256:5fd7cf79949174d1018b896638f88aea1ff2a969f87a6199ea23b25b506e26c5",
                "sha256:606b2452d78f0f731566d392f8d83cd012c2ffadb2cb2e2903fdd360c1faac8a",
                "sha256:6128cb653d011f3781554b70ce1f1f388cd516820fbaf8fd03ee245ecaa48349",
                "sha256:639935b5b3d9ed3911493504581254b76cb578279302f7f340924ac5bfca4090",
                "sha256:64564f4c175c5bb8e744de5816d69ee0b940e472160a5e665f30adc412b694f3",
                "sha256:69f12ce4866a3725138e97f22f2c4cb21d3ae18cd422906cd57ed12a9ffd86c5",
                "sha256:6a60ee6836599363a24367cf780ad45446b07eba49ec72d19bad761d5414aca7",
                "sha256:6b9af8d62c087354abd071e01d9445ea51b31779c8a4a0d5c14ee12caee3d18f",
                "sha256:6c456882baab2a48a5bfabe458a557af25d0768ff29acbe200461e84c0f697d5",
                "sha256:6f281cc2f096530c339f122e0d9866545f5592dd9bffe0fade565c2771130a45",
                "sha256:73877eebbdcb8259cf0099665f8c8274d4273b361371405a611fb6bd9f4d64f6",
                "sha256:74455bd918e7bc9883e3178a1a8fe796308670f0ee4488c80a0d9514e13807a1",
                "sha256:7452ae7e6d80e697d78d3f56d1b4d2a350286eea229afb35f55ab88b934b6acd",
                "sha256:77294f0f797c97a46ffb3daff1fe097c9d5aa9f96867333978e6791286963e50",
                "sha256:7ac886e04f253960ae82e38ded8352085c61d78de99412d178a94ecf475b5e5f",
                "sha256:7c420878726d677da7484f6021dbe7e1f9345a791b155de632c6ce36678fb621",
                "sha256:836f1d85a4b5d3689d455aeb1dc6c42acb96aaf8e5282825c00ccf2545ad5630",
                "sha256:84aa6eecba967bdac167451501dcaceec548d8b8c4ca7fa41ceda4dbfc279297",
                "sha256:866ba6ce85f337fa1677516217b6f10fc25e19acb6e17a501d5822e66396bdd5",
                "sha256:86e0e65e205793b337d62d9764700dfd02b5f83b01e26ad345736e7ac0554ebd",
                "sha256:87a1a4ca93da414f3b6da8131e61aca6d48a4e837fb0b1cbde05ae9d13332317",
                "sha256:8d3a1b6fa71a0ae7abc320d9db91b5a96a71eef1dbee0d62a6232b71c97af962",
                "sha256:8f9eb97fb6fd4551ff9d5012b4fcee9abeea9c8af6b9e3ebc3c76cc2bd0a43a7",
                "sha256:91453ce9476363d777b2ea2e9c6dccecd2073cf35697e048de2e8d47e1f36c7c",
                "sha256:9596aeb8c71192f4fba1ca25cec420da195219398d2df811d5082559efd9561f",
                "sha256:960ab83a977a44284c4ffab2820ccd6c9b332571a3d622fefa4b29b0a5de72b0",
                "sha256:97e05f66c5847e6889594508298d78ddb84a0115e9234d598415dc5a06d3a4a7",
                "sha256:9ac634753f6d26cba503cea7bb5b350aec7c5366f44fa68c79e9c90be9fd0ebc",
                "sha256:9e1097d8b57f64878a3f176f4cd6b9a1bbe9fb2d236f1a85a4357722626d8f25",
                "sha256:a1b81cc86b69ff530d45e735ed479e14704999f534ad28a39f04be4a8fe2b91f",
                "sha256:a4f786f1b1ab39a0908db04ebe5b2c7cbc6f1ce07a27d3a12eb980bffd7fea7d",
                "sha256:a594795ef89bd83297c860ff585f2d25580ce9805eb9cc44c831d311e7f1951a",
                "sha256:a708b9e6ff1826504940beb6b5c2c9dfd4e3b55c16ab88a4572f5b9dbb64cc56",
                "sha256:a90b901ccfd24b028faea19c927ff03f3cfefe82ba0b931fbb8da4ef0664911b",
                "sha256:ae3d0575721a372c20130681bfaf873225fd9e1c290b7d56b7e0c14f413318f6",
                "sha256:afef9eb882cf3b395eef9c85b737a4acd09528975e6a5d9faedf28874ca65f52",
                "sha256:aff1b469187f6c789cdf17cd95c9b24e87396dc86953b1cf38b9a05cea873c80",
                "sha256:b2ae8993f3863632d31ca8921c8a5dc9ecc5551c7b88895cefb5a26d17643391",
                "sha256:b2dd39e12f7467a7422ce50711524759d4d22016714cbae6a7096b954bc2fa32",
                "sha256:b4de7741d542a477387299bf9450e8be3e768c352d6b3438254eb02af1e59462",
                "sha256:b5b517fbbc5d223fc36041673e7c2a0d3a82be6a5464a5f0599069330b76f97d",
                "sha256:bdc09de97b1b3f6c3d87fec04d6fe29dd4fefe6b354ad2d822fc369b8aa0942b",
                "sha256:c249741b10eb714578d765487b767e0e7fcc2ac84a299209a6073566e730dbea",
                "sha256:c2b093a74b10232c70b5d29814fcee6544bb6f30e2d922d26db9ab4b4cd00c04",
                "sha256:c31f6dd5bd60688d51487a3f5e2ae29ed1948926e44d7a2316b193b083f80d5d",
                "sha256:c41e5457f4de5d38a270bc44619873589bbe6fe251225deec583ed20199df0f3",
                "sha256:c46e77c2ad614a0399503dc675d72436cbf6332a20d49a0e5bad03058d6cbfad",
                "sha256:c9589cb79d4e401630481755c92b072aa7ba5505ec81dec865ef43932ec037e4",
                "sha256:ca19213785f864781848e0216cba07e97f563f60a50bbc7885b54461d8c64873",
                "sha256:cbfdde6c5768ffa5d2f14127bbc1d7c3c2d03c0ceaeb0736946197e06275ccc7",
                "sha256:cd6a8d43a0c294918e3afb7e4b1d8c04d2e4c3ea9ddf05475fdaf366c7e5b3a6",
                "sha256:cffaab46f9e04856dc3daa6097bfb3d3bea0b1771237e869c57b13f3dcc2c238",
                "sha256:d0929302d187bfeca335b7f710f774f1b2ea3f610b2a80e8a1ac2da216cd9766",
                "sha256:d44a7d4586f02b630658298c089ff755e74d0677b93c71e09d33dd35bdd4987a",
                "sha256:d7ddbf234c9adc72189bb552d830e9a0c2c4401b5baf7b003eacd5c552ddcc00",
                "sha256:dca286c6c1ca5febf13f5f2ae7e8aa7536e49bd07f4232796651a43ff741ceca",
                "sha256:dcb2172ca8b62f82af9d1f8db80c21c64c5ba3991935caefde88bb378f0afb51",
                "sha256:e4e00c1600022b47ef0e9e1f893cb0c2322209ec6c1581a3e3f63ed78330ddf0",
                "sha256:e789e19095b818f7126180b4387c0f01700c3ad2378a4e7649b2ddf4bf47ffbc",
                "sha256:e79babb67b415aa54abb213897ceaa011515a5f3e146a2a97f4e6486b9743af4",
                "sha256:e8f75e839ee253af60b03d9957182fdd069dfaebb62b4e999bd74016f4e120bb",
                "sha256:e9934277abdddf9c733267e4dcc4886de8a3302d28f390237d447e215e8ce47d",
                "sha256:ef3399e0544b46d31c2a8ff14ae1fb3c3571ae1153bbbc5ddf0d242c67bde624",
                "sha256:f169e166774587227255f6ffe71f5b3303ea73cde0e2c6d52e53b9e12c03d787",
                "sha256:f1d8b58f00137ccbe8b828a5ede92be3f0115cef75e6bed88d4d0bd1e7a0b1fc",
                "sha256:f2839c13e486e4a23b19b1d2dc4624565cec6c228bbf803c066be1106515966b",
                "sha256:f66790e4b2dcfcabc0aa54dd89317ea5671cabf06aa93cbef7cbdd4d2fdb7ee3",
                "sha256:f6d8a881b50bb2015e9bdba5edb0331e85d41ff44ab33cde551047480b98d748",
                "sha256:f7cfc683d320402d61205a196ace77f15dcfd16b5771f8b9ffaf406868c98e78",
                "sha256:f9c5fc29a5b9d61a8f0a3494172107e0e6cf23d0cb800d6285c6722ba7fc3535",
                "sha256:fc92a718bccb8ce5c9eb63fca743c38f3fa4c4e47f58f0c4ada51b2474668184"
            ],
            "index": "pypi",
            "markers": "python_version >= '3.5'",
            "version": "==0.15.9"
        },
        "rich": {
            "hashes": [
                "sha256:2b38e2fe9ca72c9a00170a1a2d20c63c790d0e10ef1fe35eba76e1e7b1d7d245",
                "sha256:5c14d22737e6d5084ef4771b62d5d4363165b403455a30a1c8ca39dc7b644bef"
            ],
            "index": "pypi",
            "markers": "python_full_version >= '3.7.0'",
            "version": "==13.6.0"
        },
        "six": {
            "hashes": [
                "sha256:1e61c37477a1626458e36f7b1d82aa5c9b094fa4802892072e49de9c60c4c926",
                "sha256:8abb2f1d86890a2dfb989f9a77cfcfd3e47c2a354b01111771326f8aa26e0254"
            ],
            "markers": "python_version >= '2.7' and python_version not in '3.0, 3.1, 3.2, 3.3'",
            "version": "==1.16.0"
        },
        "tabulate": {
            "hashes": [
                "sha256:0095b12bf5966de529c0feb1fa08671671b3368eec77d7ef7ab114be2c068b3c",
                "sha256:024ca478df22e9340661486f85298cff5f6dcdba14f3813e8830015b9ed1948f"
            ],
            "index": "pypi",
            "markers": "python_version >= '3.7'",
            "version": "==0.9.0"
        },
        "tzdata": {
            "hashes": [
                "sha256:11ef1e08e54acb0d4f95bdb1be05da659673de4acbd21bf9c69e94cc5e907a3a",
                "sha256:7e65763eef3120314099b6939b5546db7adce1e7d6f2e179e3df563c70511eda"
            ],
            "markers": "python_version >= '2'",
            "version": "==2023.3"
        },
        "zstandard": {
            "hashes": [
                "sha256:0aad6090ac164a9d237d096c8af241b8dcd015524ac6dbec1330092dba151657",
                "sha256:0bdbe350691dec3078b187b8304e6a9c4d9db3eb2d50ab5b1d748533e746d099",
                "sha256:0e1e94a9d9e35dc04bf90055e914077c80b1e0c15454cc5419e82529d3e70728",
                "sha256:1243b01fb7926a5a0417120c57d4c28b25a0200284af0525fddba812d575f605",
                "sha256:144a4fe4be2e747bf9c646deab212666e39048faa4372abb6a250dab0f347a29",
                "sha256:14e10ed461e4807471075d4b7a2af51f5234c8f1e2a0c1d37d5ca49aaaad49e8",
                "sha256:1545fb9cb93e043351d0cb2ee73fa0ab32e61298968667bb924aac166278c3fc",
                "sha256:1e6e131a4df2eb6f64961cea6f979cdff22d6e0d5516feb0d09492c8fd36f3bc",
                "sha256:25fbfef672ad798afab12e8fd204d122fca3bc8e2dcb0a2ba73bf0a0ac0f5f07",
                "sha256:2769730c13638e08b7a983b32cb67775650024632cd0476bf1ba0e6360f5ac7d",
                "sha256:48b6233b5c4cacb7afb0ee6b4f91820afbb6c0e3ae0fa10abbc20000acdf4f11",
                "sha256:4af612c96599b17e4930fe58bffd6514e6c25509d120f4eae6031b7595912f85",
                "sha256:52b2b5e3e7670bd25835e0e0730a236f2b0df87672d99d3bf4bf87248aa659fb",
                "sha256:57ac078ad7333c9db7a74804684099c4c77f98971c151cee18d17a12649bc25c",
                "sha256:62957069a7c2626ae80023998757e27bd28d933b165c487ab6f83ad3337f773d",
                "sha256:649a67643257e3b2cff1c0a73130609679a5673bf389564bc6d4b164d822a7ce",
                "sha256:67829fdb82e7393ca68e543894cd0581a79243cc4ec74a836c305c70a5943f07",
                "sha256:7d3bc4de588b987f3934ca79140e226785d7b5e47e31756761e48644a45a6766",
                "sha256:7f2afab2c727b6a3d466faee6974a7dad0d9991241c498e7317e5ccf53dbc766",
                "sha256:8070c1cdb4587a8aa038638acda3bd97c43c59e1e31705f2766d5576b329e97c",
                "sha256:8257752b97134477fb4e413529edaa04fc0457361d304c1319573de00ba796b1",
                "sha256:9980489f066a391c5572bc7dc471e903fb134e0b0001ea9b1d3eff85af0a6f1b",
                "sha256:9cff89a036c639a6a9299bf19e16bfb9ac7def9a7634c52c257166db09d950e7",
                "sha256:a8d200617d5c876221304b0e3fe43307adde291b4a897e7b0617a61611dfff6a",
                "sha256:a9fec02ce2b38e8b2e86079ff0b912445495e8ab0b137f9c0505f88ad0d61296",
                "sha256:b1367da0dde8ae5040ef0413fb57b5baeac39d8931c70536d5f013b11d3fc3a5",
                "sha256:b69cccd06a4a0a1d9fb3ec9a97600055cf03030ed7048d4bcb88c574f7895773",
                "sha256:b72060402524ab91e075881f6b6b3f37ab715663313030d0ce983da44960a86f",
                "sha256:c053b7c4cbf71cc26808ed67ae955836232f7638444d709bfc302d3e499364fa",
                "sha256:cff891e37b167bc477f35562cda1248acc115dbafbea4f3af54ec70821090965",
                "sha256:d12fa383e315b62630bd407477d750ec96a0f438447d0e6e496ab67b8b451d39",
                "sha256:d2d61675b2a73edcef5e327e38eb62bdfc89009960f0e3991eae5cc3d54718de",
                "sha256:db62cbe7a965e68ad2217a056107cc43d41764c66c895be05cf9c8b19578ce9c",
                "sha256:ddb086ea3b915e50f6604be93f4f64f168d3fc3cef3585bb9a375d5834392d4f",
                "sha256:df28aa5c241f59a7ab524f8ad8bb75d9a23f7ed9d501b0fed6d40ec3064784e8",
                "sha256:e1e0c62a67ff425927898cf43da2cf6b852289ebcc2054514ea9bf121bec10a5",
                "sha256:e6048a287f8d2d6e8bc67f6b42a766c61923641dd4022b7fd3f7439e17ba5a4d",
                "sha256:e7d560ce14fd209db6adacce8908244503a009c6c39eee0c10f138996cd66d3e",
                "sha256:ea68b1ba4f9678ac3d3e370d96442a6332d431e5050223626bdce748692226ea",
                "sha256:f08e3a10d01a247877e4cb61a82a319ea746c356a3786558bed2481e6c405546",
                "sha256:f1b9703fe2e6b6811886c44052647df7c37478af1b4a1a9078585806f42e5b15",
                "sha256:fe6c821eb6870f81d73bf10e5deed80edcac1e63fbc40610e61f340723fd5f7c",
                "sha256:ff0852da2abe86326b20abae912d0367878dd0854b8931897d44cfeb18985472"
            ],
            "index": "pypi",
            "markers": "python_version >= '3.7'",
            "version": "==0.21.0"
        }
    },
    "develop": {}
}
